
Microsoft Visual Studio Solution File, Format Version 10.00
# Visual Studio 2008
Project("{8BC9CEB8-8B4A-11D0-8D11-00A0C91BC942}") = "xml_03a", "xml_03a\xml_03a.vcproj", "{8B4D2357-1EE9-4A93-BA94-A18C7A62883E}"
EndProject
Global
	GlobalSection(SolutionConfigurationPlatforms) = preSolution
		Debug|Win32 = Debug|Win32
		Release|Win32 = Release|Win32
	EndGlobalSection
	GlobalSection(ProjectConfigurationPlatforms) = postSolution
		{8B4D2357-1EE9-4A93-BA94-A18C7A62883E}.Debug|Win32.ActiveCfg = Debug|Win32
		{8B4D2357-1EE9-4A93-BA94-A18C7A62883E}.Debug|Win32.Build.0 = Debug|Win32
		{8B4D2357-1EE9-4A93-BA94-A18C7A62883E}.Release|Win32.ActiveCfg = Release|Win32
		{8B4D2357-1EE9-4A93-BA94-A18C7A62883E}.Release|Win32.Build.0 = Release|Win32
	EndGlobalSection
	GlobalSection(SolutionProperties) = preSolution
		HideSolutionNode = FALSE
	EndGlobalSection
EndGlobal
